PODS:
  - FlutterMacOS (1.0.0)
  - rich_clipboard (0.0.1):
    - FlutterMacOS

DEPENDENCIES:
  - FlutterMacOS (from `Flutter/ephemeral`)
  - rich_clipboard (from `Flutter/ephemeral/.symlinks/plugins/rich_clipboard/macos`)

EXTERNAL SOURCES:
  FlutterMacOS:
    :path: Flutter/ephemeral
  rich_clipboard:
    :path: Flutter/ephemeral/.symlinks/plugins/rich_clipboard/macos

SPEC CHECKSUMS:
  FlutterMacOS: 57701585bf7de1b3fc2bb61f6378d73bbdea8424
  rich_clipboard: 967359f08f647c955cae04a95e746a8bc3c1160a

PODFILE CHECKSUM: 6eac6b3292e5142cfc23bdeb71848a40ec51c14c

COCOAPODS: 1.11.2
